// !$*UTF8*$!
{
	archiveVersion = 1;
	classes = {
	};
	objectVersion = 46;
	objects = {

/* Begin PBXBuildFile section */
		46524AD91CA213FD003C7FFC /* AppDelegate.swift in Sources */ = {isa = PBXBuildFile; fileRef = 46524AD81CA213FD003C7FFC /* AppDelegate.swift */; };
		46524ADE1CA213FD003C7FFC /* Main.storyboard in Resources */ = {isa = PBXBuildFile; fileRef = 46524ADC1CA213FD003C7FFC /* Main.storyboard */; };
		46524AE01CA213FD003C7FFC /* Assets.xcassets in Resources */ = {isa = PBXBuildFile; fileRef = 46524ADF1CA213FD003C7FFC /* Assets.xcassets */; };
		46524AE31CA213FD003C7FFC /* LaunchScreen.storyboard in Resources */ = {isa = PBXBuildFile; fileRef = 46524AE11CA213FD003C7FFC /* LaunchScreen.storyboard */; };
		46524AEB1CA215A4003C7FFC /* Location.swift in Sources */ = {isa = PBXBuildFile; fileRef = 46524AEA1CA215A4003C7FFC /* Location.swift */; };
		46524B051CA2185A003C7FFC /* Library.framework in Frameworks */ = {isa = PBXBuildFile; fileRef = 46524B011CA2185A003C7FFC /* Library.framework */; };
		46524B061CA2185A003C7FFC /* QuadratTouch.framework in Frameworks */ = {isa = PBXBuildFile; fileRef = 46524B021CA2185A003C7FFC /* QuadratTouch.framework */; };
		46524B071CA2185A003C7FFC /* RxCocoa.framework in Frameworks */ = {isa = PBXBuildFile; fileRef = 46524B031CA2185A003C7FFC /* RxCocoa.framework */; };
		46524B081CA2185A003C7FFC /* RxSwift.framework in Frameworks */ = {isa = PBXBuildFile; fileRef = 46524B041CA2185A003C7FFC /* RxSwift.framework */; };
		46524B121CA21A28003C7FFC /* Crashlytics.framework in Frameworks */ = {isa = PBXBuildFile; fileRef = 46524B101CA21A28003C7FFC /* Crashlytics.framework */; };
		46524B131CA21A28003C7FFC /* Fabric.framework in Frameworks */ = {isa = PBXBuildFile; fileRef = 46524B111CA21A28003C7FFC /* Fabric.framework */; };
		46524B171CA21AA0003C7FFC /* Storyboards.swift in Sources */ = {isa = PBXBuildFile; fileRef = 46524B161CA21AA0003C7FFC /* Storyboards.swift */; };
		46524B191CA21DE0003C7FFC /* OnboardingViewController.swift in Sources */ = {isa = PBXBuildFile; fileRef = 46524B181CA21DE0003C7FFC /* OnboardingViewController.swift */; };
		46524B1B1CA21DEB003C7FFC /* AuthorizedViewController.swift in Sources */ = {isa = PBXBuildFile; fileRef = 46524B1A1CA21DEB003C7FFC /* AuthorizedViewController.swift */; };
		46524B1D1CA21DF6003C7FFC /* DeniedViewController.swift in Sources */ = {isa = PBXBuildFile; fileRef = 46524B1C1CA21DF6003C7FFC /* DeniedViewController.swift */; };
		46524B1F1CA22254003C7FFC /* PermissionScope.framework in Frameworks */ = {isa = PBXBuildFile; fileRef = 46524B1E1CA22254003C7FFC /* PermissionScope.framework */; };
/* End PBXBuildFile section */

/* Begin PBXFileReference section */
		46524AD51CA213FD003C7FFC /* wifi near me.app */ = {isa = PBXFileReference; explicitFileType = wrapper.application; includeInIndex = 0; path = "wifi near me.app"; sourceTree = BUILT_PRODUCTS_DIR; };
		46524AD81CA213FD003C7FFC /* AppDelegate.swift */ = {isa = PBXFileReference; lastKnownFileType = sourcecode.swift; path = AppDelegate.swift; sourceTree = "<group>"; };
		46524ADD1CA213FD003C7FFC /* Base */ = {isa = PBXFileReference; lastKnownFileType = file.storyboard; name = Base; path = Base.lproj/Main.storyboard; sourceTree = "<group>"; };
		46524ADF1CA213FD003C7FFC /* Assets.xcassets */ = {isa = PBXFileReference; lastKnownFileType = folder.assetcatalog; path = Assets.xcassets; sourceTree = "<group>"; };
		46524AE21CA213FD003C7FFC /* Base */ = {isa = PBXFileReference; lastKnownFileType = file.storyboard; name = Base; path = Base.lproj/LaunchScreen.storyboard; sourceTree = "<group>"; };
		46524AE41CA213FD003C7FFC /* Info.plist */ = {isa = PBXFileReference; lastKnownFileType = text.plist.xml; path = Info.plist; sourceTree = "<group>"; };
		46524AEA1CA215A4003C7FFC /* Location.swift */ = {isa = PBXFileReference; fileEncoding = 4; lastKnownFileType = sourcecode.swift; path = Location.swift; sourceTree = "<group>"; };
		46524B011CA2185A003C7FFC /* Library.framework */ = {isa = PBXFileReference; lastKnownFileType = wrapper.framework; name = Library.framework; path = Carthage/Build/iOS/Library.framework; sourceTree = "<group>"; };
		46524B021CA2185A003C7FFC /* QuadratTouch.framework */ = {isa = PBXFileReference; lastKnownFileType = wrapper.framework; name = QuadratTouch.framework; path = Carthage/Build/iOS/QuadratTouch.framework; sourceTree = "<group>"; };
		46524B031CA2185A003C7FFC /* RxCocoa.framework */ = {isa = PBXFileReference; lastKnownFileType = wrapper.framework; name = RxCocoa.framework; path = Carthage/Build/iOS/RxCocoa.framework; sourceTree = "<group>"; };
		46524B041CA2185A003C7FFC /* RxSwift.framework */ = {isa = PBXFileReference; lastKnownFileType = wrapper.framework; name = RxSwift.framework; path = Carthage/Build/iOS/RxSwift.framework; sourceTree = "<group>"; };
		46524B101CA21A28003C7FFC /* Crashlytics.framework */ = {isa = PBXFileReference; lastKnownFileType = wrapper.framework; name = Crashlytics.framework; path = Frameworks/Crashlytics.framework; sourceTree = "<group>"; };
		46524B111CA21A28003C7FFC /* Fabric.framework */ = {isa = PBXFileReference; lastKnownFileType = wrapper.framework; name = Fabric.framework; path = Frameworks/Fabric.framework; sourceTree = "<group>"; };
		46524B161CA21AA0003C7FFC /* Storyboards.swift */ = {isa = PBXFileReference; fileEncoding = 4; lastKnownFileType = sourcecode.swift; path = Storyboards.swift; sourceTree = "<group>"; };
		46524B181CA21DE0003C7FFC /* OnboardingViewController.swift */ = {isa = PBXFileReference; fileEncoding = 4; lastKnownFileType = sourcecode.swift; path = OnboardingViewController.swift; sourceTree = "<group>"; };
		46524B1A1CA21DEB003C7FFC /* AuthorizedViewController.swift */ = {isa = PBXFileReference; fileEncoding = 4; lastKnownFileType = sourcecode.swift; path = AuthorizedViewController.swift; sourceTree = "<group>"; };
		46524B1C1CA21DF6003C7FFC /* DeniedViewController.swift */ = {isa = PBXFileReference; fileEncoding = 4; lastKnownFileType = sourcecode.swift; path = DeniedViewController.swift; sourceTree = "<group>"; };
		46524B1E1CA22254003C7FFC /* PermissionScope.framework */ = {isa = PBXFileReference; lastKnownFileType = wrapper.framework; name = PermissionScope.framework; path = Carthage/Build/iOS/PermissionScope.framework; sourceTree = "<group>"; };
/* End PBXFileReference section */

/* Begin PBXFrameworksBuildPhase section */
		46524AD21CA213FD003C7FFC /* Frameworks */ = {
			isa = PBXFrameworksBuildPhase;
			buildActionMask = 2147483647;
			files = (
				46524B081CA2185A003C7FFC /* RxSwift.framework in Frameworks */,
				46524B121CA21A28003C7FFC /* Crashlytics.framework in Frameworks */,
				46524B1F1CA22254003C7FFC /* PermissionScope.framework in Frameworks */,
				46524B071CA2185A003C7FFC /* RxCocoa.framework in Frameworks */,
				46524B051CA2185A003C7FFC /* Library.framework in Frameworks */,
				46524B061CA2185A003C7FFC /* QuadratTouch.framework in Frameworks */,
				46524B131CA21A28003C7FFC /* Fabric.framework in Frameworks */,
			);
			runOnlyForDeploymentPostprocessing = 0;
		};
/* End PBXFrameworksBuildPhase section */

/* Begin PBXGroup section */
		46524ACC1CA213FD003C7FFC = {
			isa = PBXGroup;
			children = (
				46524AD71CA213FD003C7FFC /* wifi near me */,
				46524AED1CA21683003C7FFC /* Frameworks */,
				46524AD61CA213FD003C7FFC /* Products */,
			);
			sourceTree = "<group>";
		};
		46524AD61CA213FD003C7FFC /* Products */ = {
			isa = PBXGroup;
			children = (
				46524AD51CA213FD003C7FFC /* wifi near me.app */,
			);
			name = Products;
			sourceTree = "<group>";
		};
		46524AD71CA213FD003C7FFC /* wifi near me */ = {
			isa = PBXGroup;
			children = (
				46524AD81CA213FD003C7FFC /* AppDelegate.swift */,
				46524B181CA21DE0003C7FFC /* OnboardingViewController.swift */,
				46524B1A1CA21DEB003C7FFC /* AuthorizedViewController.swift */,
				46524B1C1CA21DF6003C7FFC /* DeniedViewController.swift */,
				46524AEA1CA215A4003C7FFC /* Location.swift */,
				46524ADC1CA213FD003C7FFC /* Main.storyboard */,
				46524B0F1CA219EE003C7FFC /* Supporting Files */,
			);
			path = "wifi near me";
			sourceTree = "<group>";
		};
		46524AED1CA21683003C7FFC /* Frameworks */ = {
			isa = PBXGroup;
			children = (
				46524B101CA21A28003C7FFC /* Crashlytics.framework */,
				46524B111CA21A28003C7FFC /* Fabric.framework */,
				46524B1E1CA22254003C7FFC /* PermissionScope.framework */,
				46524B011CA2185A003C7FFC /* Library.framework */,
				46524B021CA2185A003C7FFC /* QuadratTouch.framework */,
				46524B031CA2185A003C7FFC /* RxCocoa.framework */,
				46524B041CA2185A003C7FFC /* RxSwift.framework */,
			);
			name = Frameworks;
			sourceTree = "<group>";
		};
		46524B0F1CA219EE003C7FFC /* Supporting Files */ = {
			isa = PBXGroup;
			children = (
				46524B141CA21AA0003C7FFC /* Constants */,
				46524ADF1CA213FD003C7FFC /* Assets.xcassets */,
				46524AE11CA213FD003C7FFC /* LaunchScreen.storyboard */,
				46524AE41CA213FD003C7FFC /* Info.plist */,
			);
			path = "Supporting Files";
			sourceTree = "<group>";
		};
		46524B141CA21AA0003C7FFC /* Constants */ = {
			isa = PBXGroup;
			children = (
				46524B151CA21AA0003C7FFC /* Build */,
			);
			path = Constants;
			sourceTree = "<group>";
		};
		46524B151CA21AA0003C7FFC /* Build */ = {
			isa = PBXGroup;
			children = (
				46524B161CA21AA0003C7FFC /* Storyboards.swift */,
			);
			path = Build;
			sourceTree = "<group>";
		};
/* End PBXGroup section */

/* Begin PBXNativeTarget section */
		46524AD41CA213FD003C7FFC /* wifi near me */ = {
			isa = PBXNativeTarget;
			buildConfigurationList = 46524AE71CA213FD003C7FFC /* Build configuration list for PBXNativeTarget "wifi near me" */;
			buildPhases = (
				46524B0E1CA219B0003C7FFC /* SwiftGen */,
				46524AD11CA213FD003C7FFC /* Sources */,
				46524AD21CA213FD003C7FFC /* Frameworks */,
				46524AD31CA213FD003C7FFC /* Resources */,
				46524AEC1CA2163B003C7FFC /* Carthage copy-frameworks */,
				46524B091CA218C6003C7FFC /* Fabric */,
			);
			buildRules = (
			);
			dependencies = (
			);
			name = "wifi near me";
			productName = "wifi near me";
			productReference = 46524AD51CA213FD003C7FFC /* wifi near me.app */;
			productType = "com.apple.product-type.application";
		};
/* End PBXNativeTarget section */

/* Begin PBXProject section */
		46524ACD1CA213FD003C7FFC /* Project object */ = {
			isa = PBXProject;
			attributes = {
				LastSwiftUpdateCheck = 0730;
				LastUpgradeCheck = 0730;
				ORGANIZATIONNAME = "Andrew Breckenridge";
				TargetAttributes = {
					46524AD41CA213FD003C7FFC = {
						CreatedOnToolsVersion = 7.3;
						SystemCapabilities = {
							com.apple.BackgroundModes = {
								enabled = 1;
							};
						};
					};
				};
			};
			buildConfigurationList = 46524AD01CA213FD003C7FFC /* Build configuration list for PBXProject "wifi near me" */;
			compatibilityVersion = "Xcode 3.2";
			developmentRegion = English;
			hasScannedForEncodings = 0;
			knownRegions = (
				en,
				Base,
			);
			mainGroup = 46524ACC1CA213FD003C7FFC;
			productRefGroup = 46524AD61CA213FD003C7FFC /* Products */;
			projectDirPath = "";
			projectRoot = "";
			targets = (
				46524AD41CA213FD003C7FFC /* wifi near me */,
			);
		};
/* End PBXProject section */

/* Begin PBXResourcesBuildPhase section */
		46524AD31CA213FD003C7FFC /* Resources */ = {
			isa = PBXResourcesBuildPhase;
			buildActionMask = 2147483647;
			files = (
				46524AE31CA213FD003C7FFC /* LaunchScreen.storyboard in Resources */,
				46524AE01CA213FD003C7FFC /* Assets.xcassets in Resources */,
				46524ADE1CA213FD003C7FFC /* Main.storyboard in Resources */,
			);
			runOnlyForDeploymentPostprocessing = 0;
		};
/* End PBXResourcesBuildPhase section */

/* Begin PBXShellScriptBuildPhase section */
		46524AEC1CA2163B003C7FFC /* Carthage copy-frameworks */ = {
			isa = PBXShellScriptBuildPhase;
			buildActionMask = 2147483647;
			files = (
			);
			inputPaths = (
				"$(SRCROOT)/Carthage/Build/iOS/Library.framework",
				"$(SRCROOT)/Carthage/Build/iOS/QuadratTouch.framework",
				"$(SRCROOT)/Carthage/Build/iOS/RxSwift.framework",
				"$(SRCROOT)/Carthage/Build/iOS/RxCocoa.framework",
				"$(SRCROOT)/Carthage/Build/iOS/PermissionScope.framework",
			);
			name = "Carthage copy-frameworks";
			outputPaths = (
			);
			runOnlyForDeploymentPostprocessing = 0;
			shellPath = /bin/sh;
			shellScript = "/usr/local/bin/carthage copy-frameworks";
		};
		46524B091CA218C6003C7FFC /* Fabric */ = {
			isa = PBXShellScriptBuildPhase;
			buildActionMask = 2147483647;
			files = (
			);
			inputPaths = (
			);
			name = Fabric;
			outputPaths = (
			);
			runOnlyForDeploymentPostprocessing = 0;
			shellPath = /bin/sh;
			shellScript = "./Frameworks/Fabric.framework/run cf31bd871fb35d3e3e94b3732cd654bbde1f5b0c 33804315ff66b7966281403539d1d005fcf98139ee03282942a67832a10b0f8e";
		};
		46524B0E1CA219B0003C7FFC /* SwiftGen */ = {
			isa = PBXShellScriptBuildPhase;
			buildActionMask = 2147483647;
			files = (
			);
			inputPaths = (
			);
			name = SwiftGen;
			outputPaths = (
			);
			runOnlyForDeploymentPostprocessing = 0;
			shellPath = /bin/sh;
			shellScript = "DOT_DIR=\"${PROJECT_DIR}/${PROJECT_NAME}\"\nCONST_DIR=\"$DOT_DIR\"\"/Supporting Files/Constants\"\n\nif which /usr/local/bin/swiftgen > /dev/null; then\n    /usr/local/bin/swiftgen storyboards \"$DOT_DIR\" --output \"$CONST_DIR\"\"/Build/Storyboards.swift\"\nelse\n    echo \"BUILD ERROR: You need to brew install swiftgen\"\n    exit 1\nfi";
		};
/* End PBXShellScriptBuildPhase section */

/* Begin PBXSourcesBuildPhase section */
		46524AD11CA213FD003C7FFC /* Sources */ = {
			isa = PBXSourcesBuildPhase;
			buildActionMask = 2147483647;
			files = (
				46524B171CA21AA0003C7FFC /* Storyboards.swift in Sources */,
				46524B1B1CA21DEB003C7FFC /* AuthorizedViewController.swift in Sources */,
				46524AEB1CA215A4003C7FFC /* Location.swift in Sources */,
				46524B1D1CA21DF6003C7FFC /* DeniedViewController.swift in Sources */,
				46524AD91CA213FD003C7FFC /* AppDelegate.swift in Sources */,
				46524B191CA21DE0003C7FFC /* OnboardingViewController.swift in Sources */,
			);
			runOnlyForDeploymentPostprocessing = 0;
		};
/* End PBXSourcesBuildPhase section */

/* Begin PBXVariantGroup section */
		46524ADC1CA213FD003C7FFC /* Main.storyboard */ = {
			isa = PBXVariantGroup;
			children = (
				46524ADD1CA213FD003C7FFC /* Base */,
			);
			name = Main.storyboard;
			path = .;
			sourceTree = "<group>";
		};
		46524AE11CA213FD003C7FFC /* LaunchScreen.storyboard */ = {
			isa = PBXVariantGroup;
			children = (
				46524AE21CA213FD003C7FFC /* Base */,
			);
			name = LaunchScreen.storyboard;
			path = .;
			sourceTree = "<group>";
		};
/* End PBXVariantGroup section */

/* Begin XCBuildConfiguration section */
		46524AE51CA213FD003C7FFC /* Debug */ = {
			isa = XCBuildConfiguration;
			buildSettings = {
				ALWAYS_SEARCH_USER_PATHS = NO;
				CLANG_ANALYZER_NONNULL = YES;
				CLANG_CXX_LANGUAGE_STANDARD = "gnu++0x";
				CLANG_CXX_LIBRARY = "libc++";
				CLANG_ENABLE_MODULES = YES;
				CLANG_ENABLE_OBJC_ARC = YES;
				CLANG_WARN_BOOL_CONVERSION = YES;
				CLANG_WARN_CONSTANT_CONVERSION = YES;
				CLANG_WARN_DIRECT_OBJC_ISA_USAGE = YES_ERROR;
				CLANG_WARN_EMPTY_BODY = YES;
				CLANG_WARN_ENUM_CONVERSION = YES;
				CLANG_WARN_INT_CONVERSION = YES;
				CLANG_WARN_OBJC_ROOT_CLASS = YES_ERROR;
				CLANG_WARN_UNREACHABLE_CODE = YES;
				CLANG_WARN__DUPLICATE_METHOD_MATCH = YES;
				"CODE_SIGN_IDENTITY[sdk=iphoneos*]" = "iPhone Developer";
				COPY_PHASE_STRIP = NO;
				DEBUG_INFORMATION_FORMAT = dwarf;
				ENABLE_STRICT_OBJC_MSGSEND = YES;
				ENABLE_TESTABILITY = YES;
				GCC_C_LANGUAGE_STANDARD = gnu99;
				GCC_DYNAMIC_NO_PIC = NO;
				GCC_NO_COMMON_BLOCKS = YES;
				GCC_OPTIMIZATION_LEVEL = 0;
				GCC_PREPROCESSOR_DEFINITIONS = (
					"DEBUG=1",
					"$(inherited)",
				);
				GCC_WARN_64_TO_32_BIT_CONVERSION = YES;
				GCC_WARN_ABOUT_RETURN_TYPE = YES_ERROR;
				GCC_WARN_UNDECLARED_SELECTOR = YES;
				GCC_WARN_UNINITIALIZED_AUTOS = YES_AGGRESSIVE;
				GCC_WARN_UNUSED_FUNCTION = YES;
				GCC_WARN_UNUSED_VARIABLE = YES;
				IPHONEOS_DEPLOYMENT_TARGET = 9.0;
				MTL_ENABLE_DEBUG_INFO = YES;
				ONLY_ACTIVE_ARCH = YES;
				SDKROOT = iphoneos;
				SWIFT_OPTIMIZATION_LEVEL = "-Onone";
				TARGETED_DEVICE_FAMILY = "1,2";
			};
			name = Debug;
		};
		46524AE61CA213FD003C7FFC /* Release */ = {
			isa = XCBuildConfiguration;
			buildSettings = {
				ALWAYS_SEARCH_USER_PATHS = NO;
				CLANG_ANALYZER_NONNULL = YES;
				CLANG_CXX_LANGUAGE_STANDARD = "gnu++0x";
				CLANG_CXX_LIBRARY = "libc++";
				CLANG_ENABLE_MODULES = YES;
				CLANG_ENABLE_OBJC_ARC = YES;
				CLANG_WARN_BOOL_CONVERSION = YES;
				CLANG_WARN_CONSTANT_CONVERSION = YES;
				CLANG_WARN_DIRECT_OBJC_ISA_USAGE = YES_ERROR;
				CLANG_WARN_EMPTY_BODY = YES;
				CLANG_WARN_ENUM_CONVERSION = YES;
				CLANG_WARN_INT_CONVERSION = YES;
				CLANG_WARN_OBJC_ROOT_CLASS = YES_ERROR;
				CLANG_WARN_UNREACHABLE_CODE = YES;
				CLANG_WARN__DUPLICATE_METHOD_MATCH = YES;
				"CODE_SIGN_IDENTITY[sdk=iphoneos*]" = "iPhone Developer";
				COPY_PHASE_STRIP = NO;
				DEBUG_INFORMATION_FORMAT = "dwarf-with-dsym";
				ENABLE_NS_ASSERTIONS = NO;
				ENABLE_STRICT_OBJC_MSGSEND = YES;
				GCC_C_LANGUAGE_STANDARD = gnu99;
				GCC_NO_COMMON_BLOCKS = YES;
				GCC_WARN_64_TO_32_BIT_CONVERSION = YES;
				GCC_WARN_ABOUT_RETURN_TYPE = YES_ERROR;
				GCC_WARN_UNDECLARED_SELECTOR = YES;
				GCC_WARN_UNINITIALIZED_AUTOS = YES_AGGRESSIVE;
				GCC_WARN_UNUSED_FUNCTION = YES;
				GCC_WARN_UNUSED_VARIABLE = YES;
				IPHONEOS_DEPLOYMENT_TARGET = 9.0;
				MTL_ENABLE_DEBUG_INFO = NO;
				SDKROOT = iphoneos;
				TARGETED_DEVICE_FAMILY = "1,2";
				VALIDATE_PRODUCT = YES;
			};
			name = Release;
		};
		46524AE81CA213FD003C7FFC /* Debug */ = {
			isa = XCBuildConfiguration;
			buildSettings = {
				ASSETCATALOG_COMPILER_APPICON_NAME = AppIcon;
				FRAMEWORK_SEARCH_PATHS = (
					"$(inherited)",
					"$(PROJECT_DIR)/Carthage/Build/iOS",
					"$(PROJECT_DIR)",
					"$(PROJECT_DIR)/Frameworks",
				);
				INFOPLIST_FILE = "wifi near me/Supporting Files/Info.plist";
				LD_RUNPATH_SEARCH_PATHS = "$(inherited) @executable_path/Frameworks";
				PRODUCT_BUNDLE_IDENTIFIER = "tfw.wifi-near-me";
				PRODUCT_NAME = "$(TARGET_NAME)";
			};
			name = Debug;
		};
		46524AE91CA213FD003C7FFC /* Release */ = {
			isa = XCBuildConfiguration;
			buildSettings = {
				ASSETCATALOG_COMPILER_APPICON_NAME = AppIcon;
				FRAMEWORK_SEARCH_PATHS = (
					"$(inherited)",
					"$(PROJECT_DIR)/Carthage/Build/iOS",
					"$(PROJECT_DIR)",
					"$(PROJECT_DIR)/Frameworks",
				);
				INFOPLIST_FILE = "wifi near me/Supporting Files/Info.plist";
				LD_RUNPATH_SEARCH_PATHS = "$(inherited) @executable_path/Frameworks";
				PRODUCT_BUNDLE_IDENTIFIER = "tfw.wifi-near-me";
				PRODUCT_NAME = "$(TARGET_NAME)";
			};
			name = Release;
		};
/* End XCBuildConfiguration section */

/* Begin XCConfigurationList section */
		46524AD01CA213FD003C7FFC /* Build configuration list for PBXProject "wifi near me" */ = {
			isa = XCConfigurationList;
			buildConfigurations = (
				46524AE51CA213FD003C7FFC /* Debug */,
				46524AE61CA213FD003C7FFC /* Release */,
			);
			defaultConfigurationIsVisible = 0;
			defaultConfigurationName = Release;
		};
		46524AE71CA213FD003C7FFC /* Build configuration list for PBXNativeTarget "wifi near me" */ = {
			isa = XCConfigurationList;
			buildConfigurations = (
				46524AE81CA213FD003C7FFC /* Debug */,
				46524AE91CA213FD003C7FFC /* Release */,
			);
			defaultConfigurationIsVisible = 0;
			defaultConfigurationName = Release;
		};
/* End XCConfigurationList section */
	};
	rootObject = 46524ACD1CA213FD003C7FFC /* Project object */;
}
